// !$*UTF8*$!
{
	archiveVersion = 1;
	classes = {
	};
	objectVersion = 46;
	objects = {

/* Begin PBXBuildFile section */
		B7E0FEC71E7A7D0D00EBC2B7 /* main.swift in Sources */ = {isa = PBXBuildFile; fileRef = B7E0FEC61E7A7D0D00EBC2B7 /* main.swift */; };
		B7E0FECE1E7A7D1B00EBC2B7 /* Drink.swift in Sources */ = {isa = PBXBuildFile; fileRef = B7E0FECD1E7A7D1B00EBC2B7 /* Drink.swift */; };
		B7E0FED01E7A894000EBC2B7 /* Cocacola.swift in Sources */ = {isa = PBXBuildFile; fileRef = B7E0FECF1E7A894000EBC2B7 /* Cocacola.swift */; };
		B7E0FED21E7A898500EBC2B7 /* JiroHite.swift in Sources */ = {isa = PBXBuildFile; fileRef = B7E0FED11E7A898500EBC2B7 /* JiroHite.swift */; };
		B7E0FED41E7A9ED700EBC2B7 /* VendingMachine.swift in Sources */ = {isa = PBXBuildFile; fileRef = B7E0FED31E7A9ED700EBC2B7 /* VendingMachine.swift */; };
/* End PBXBuildFile section */

/* Begin PBXCopyFilesBuildPhase section */
		B7E0FEC11E7A7D0D00EBC2B7 /* CopyFiles */ = {
			isa = PBXCopyFilesBuildPhase;
			buildActionMask = 2147483647;
			dstPath = /usr/share/man/man1/;
			dstSubfolderSpec = 0;
			files = (
			);
			runOnlyForDeploymentPostprocessing = 1;
		};
/* End PBXCopyFilesBuildPhase section */

/* Begin PBXFileReference section */
		B7E0FEC31E7A7D0D00EBC2B7 /* 0316_p2-2 */ = {isa = PBXFileReference; explicitFileType = "compiled.mach-o.executable"; includeInIndex = 0; path = "0316_p2-2"; sourceTree = BUILT_PRODUCTS_DIR; };
		B7E0FEC61E7A7D0D00EBC2B7 /* main.swift */ = {isa = PBXFileReference; lastKnownFileType = sourcecode.swift; path = main.swift; sourceTree = "<group>"; };
		B7E0FECD1E7A7D1B00EBC2B7 /* Drink.swift */ = {isa = PBXFileReference; fileEncoding = 4; lastKnownFileType = sourcecode.swift; path = Drink.swift; sourceTree = "<group>"; };
		B7E0FECF1E7A894000EBC2B7 /* Cocacola.swift */ = {isa = PBXFileReference; fileEncoding = 4; lastKnownFileType = sourcecode.swift; path = Cocacola.swift; sourceTree = "<group>"; };
		B7E0FED11E7A898500EBC2B7 /* JiroHite.swift */ = {isa = PBXFileReference; fileEncoding = 4; lastKnownFileType = sourcecode.swift; path = JiroHite.swift; sourceTree = "<group>"; };
		B7E0FED31E7A9ED700EBC2B7 /* VendingMachine.swift */ = {isa = PBXFileReference; fileEncoding = 4; lastKnownFileType = sourcecode.swift; path = VendingMachine.swift; sourceTree = "<group>"; };
/* End PBXFileReference section */

/* Begin PBXFrameworksBuildPhase section */
		B7E0FEC01E7A7D0D00EBC2B7 /* Frameworks */ = {
			isa = PBXFrameworksBuildPhase;
			buildActionMask = 2147483647;
			files = (
			);
			runOnlyForDeploymentPostprocessing = 0;
		};
/* End PBXFrameworksBuildPhase section */

/* Begin PBXGroup section */
		B7E0FEBA1E7A7D0D00EBC2B7 = {
			isa = PBXGroup;
			children = (
				B7E0FEC51E7A7D0D00EBC2B7 /* 0316_p2-2 */,
				B7E0FEC41E7A7D0D00EBC2B7 /* Products */,
			);
			sourceTree = "<group>";
		};
		B7E0FEC41E7A7D0D00EBC2B7 /* Products */ = {
			isa = PBXGroup;
			children = (
				B7E0FEC31E7A7D0D00EBC2B7 /* 0316_p2-2 */,
			);
			name = Products;
			sourceTree = "<group>";
		};
		B7E0FEC51E7A7D0D00EBC2B7 /* 0316_p2-2 */ = {
			isa = PBXGroup;
			children = (
				B7E0FEC61E7A7D0D00EBC2B7 /* main.swift */,
				B7E0FECD1E7A7D1B00EBC2B7 /* Drink.swift */,
				B7E0FECF1E7A894000EBC2B7 /* Cocacola.swift */,
				B7E0FED11E7A898500EBC2B7 /* JiroHite.swift */,
				B7E0FED31E7A9ED700EBC2B7 /* VendingMachine.swift */,
			);
			path = "0316_p2-2";
			sourceTree = "<group>";
		};
/* End PBXGroup section */

/* Begin PBXNativeTarget section */
		B7E0FEC21E7A7D0D00EBC2B7 /* 0316_p2-2 */ = {
			isa = PBXNativeTarget;
			buildConfigurationList = B7E0FECA1E7A7D0D00EBC2B7 /* Build configuration list for PBXNativeTarget "0316_p2-2" */;
			buildPhases = (
				B7E0FEBF1E7A7D0D00EBC2B7 /* Sources */,
				B7E0FEC01E7A7D0D00EBC2B7 /* Frameworks */,
				B7E0FEC11E7A7D0D00EBC2B7 /* CopyFiles */,
			);
			buildRules = (
			);
			dependencies = (
			);
			name = "0316_p2-2";
			productName = "0316_p2-2";
			productReference = B7E0FEC31E7A7D0D00EBC2B7 /* 0316_p2-2 */;
			productType = "com.apple.product-type.tool";
		};
/* End PBXNativeTarget section */

/* Begin PBXProject section */
		B7E0FEBB1E7A7D0D00EBC2B7 /* Project object */ = {
			isa = PBXProject;
			attributes = {
				LastSwiftUpdateCheck = 0820;
				LastUpgradeCheck = 0820;
				ORGANIZATIONNAME = Danb;
				TargetAttributes = {
					B7E0FEC21E7A7D0D00EBC2B7 = {
						CreatedOnToolsVersion = 8.2.1;
						ProvisioningStyle = Automatic;
					};
				};
			};
			buildConfigurationList = B7E0FEBE1E7A7D0D00EBC2B7 /* Build configuration list for PBXProject "0316_p2-2" */;
			compatibilityVersion = "Xcode 3.2";
			developmentRegion = English;
			hasScannedForEncodings = 0;
			knownRegions = (
				en,
			);
			mainGroup = B7E0FEBA1E7A7D0D00EBC2B7;
			productRefGroup = B7E0FEC41E7A7D0D00EBC2B7 /* Products */;
			projectDirPath = "";
			projectRoot = "";
			targets = (
				B7E0FEC21E7A7D0D00EBC2B7 /* 0316_p2-2 */,
			);
		};
/* End PBXProject section */

/* Begin PBXSourcesBuildPhase section */
		B7E0FEBF1E7A7D0D00EBC2B7 /* Sources */ = {
			isa = PBXSourcesBuildPhase;
			buildActionMask = 2147483647;
			files = (
				B7E0FECE1E7A7D1B00EBC2B7 /* Drink.swift in Sources */,
				B7E0FEC71E7A7D0D00EBC2B7 /* main.swift in Sources */,
				B7E0FED41E7A9ED700EBC2B7 /* VendingMachine.swift in Sources */,
				B7E0FED01E7A894000EBC2B7 /* Cocacola.swift in Sources */,
				B7E0FED21E7A898500EBC2B7 /* JiroHite.swift in Sources */,
			);
			runOnlyForDeploymentPostprocessing = 0;
		};
/* End PBXSourcesBuildPhase section */

/* Begin XCBuildConfiguration section */
		B7E0FEC81E7A7D0D00EBC2B7 /* Debug */ = {
			isa = XCBuildConfiguration;
			buildSettings = {
				ALWAYS_SEARCH_USER_PATHS = NO;
				CLANG_ANALYZER_NONNULL = YES;
				CLANG_CXX_LANGUAGE_STANDARD = "gnu++0x";
				CLANG_CXX_LIBRARY = "libc++";
				CLANG_ENABLE_MODULES = YES;
				CLANG_ENABLE_OBJC_ARC = YES;
				CLANG_WARN_BOOL_CONVERSION = YES;
				CLANG_WARN_CONSTANT_CONVERSION = YES;
				CLANG_WARN_DIRECT_OBJC_ISA_USAGE = YES_ERROR;
				CLANG_WARN_DOCUMENTATION_COMMENTS = YES;
				CLANG_WARN_EMPTY_BODY = YES;
				CLANG_WARN_ENUM_CONVERSION = YES;
				CLANG_WARN_INFINITE_RECURSION = YES;
				CLANG_WARN_INT_CONVERSION = YES;
				CLANG_WARN_OBJC_ROOT_CLASS = YES_ERROR;
				CLANG_WARN_SUSPICIOUS_MOVE = YES;
				CLANG_WARN_UNREACHABLE_CODE = YES;
				CLANG_WARN__DUPLICATE_METHOD_MATCH = YES;
				CODE_SIGN_IDENTITY = "-";
				COPY_PHASE_STRIP = NO;
				DEBUG_INFORMATION_FORMAT = dwarf;
				ENABLE_STRICT_OBJC_MSGSEND = YES;
				ENABLE_TESTABILITY = YES;
				GCC_C_LANGUAGE_STANDARD = gnu99;
				GCC_DYNAMIC_NO_PIC = NO;
				GCC_NO_COMMON_BLOCKS = YES;
				GCC_OPTIMIZATION_LEVEL = 0;
				GCC_PREPROCESSOR_DEFINITIONS = (
					"DEBUG=1",
					"$(inherited)",
				);
				GCC_WARN_64_TO_32_BIT_CONVERSION = YES;
				GCC_WARN_ABOUT_RETURN_TYPE = YES_ERROR;
				GCC_WARN_UNDECLARED_SELECTOR = YES;
				GCC_WARN_UNINITIALIZED_AUTOS = YES_AGGRESSIVE;
				GCC_WARN_UNUSED_FUNCTION = YES;
				GCC_WARN_UNUSED_VARIABLE = YES;
				MACOSX_DEPLOYMENT_TARGET = 10.12;
				MTL_ENABLE_DEBUG_INFO = YES;
				ONLY_ACTIVE_ARCH = YES;
				SDKROOT = macosx;
				SWIFT_OPTIMIZATION_LEVEL = "-Onone";
			};
			name = Debug;
		};
		B7E0FEC91E7A7D0D00EBC2B7 /* Release */ = {
			isa = XCBuildConfiguration;
			buildSettings = {
				ALWAYS_SEARCH_USER_PATHS = NO;
				CLANG_ANALYZER_NONNULL = YES;
				CLANG_CXX_LANGUAGE_STANDARD = "gnu++0x";
				CLANG_CXX_LIBRARY = "libc++";
				CLANG_ENABLE_MODULES = YES;
				CLANG_ENABLE_OBJC_ARC = YES;
				CLANG_WARN_BOOL_CONVERSION = YES;
				CLANG_WARN_CONSTANT_CONVERSION = YES;
				CLANG_WARN_DIRECT_OBJC_ISA_USAGE = YES_ERROR;
				CLANG_WARN_DOCUMENTATION_COMMENTS = YES;
				CLANG_WARN_EMPTY_BODY = YES;
				CLANG_WARN_ENUM_CONVERSION = YES;
				CLANG_WARN_INFINITE_RECURSION = YES;
				CLANG_WARN_INT_CONVERSION = YES;
				CLANG_WARN_OBJC_ROOT_CLASS = YES_ERROR;
				CLANG_WARN_SUSPICIOUS_MOVE = YES;
				CLANG_WARN_UNREACHABLE_CODE = YES;
				CLANG_WARN__DUPLICATE_METHOD_MATCH = YES;
				CODE_SIGN_IDENTITY = "-";
				COPY_PHASE_STRIP = NO;
				DEBUG_INFORMATION_FORMAT = "dwarf-with-dsym";
				ENABLE_NS_ASSERTIONS = NO;
				ENABLE_STRICT_OBJC_MSGSEND = YES;
				GCC_C_LANGUAGE_STANDARD = gnu99;
				GCC_NO_COMMON_BLOCKS = YES;
				GCC_WARN_64_TO_32_BIT_CONVERSION = YES;
				GCC_WARN_ABOUT_RETURN_TYPE = YES_ERROR;
				GCC_WARN_UNDECLARED_SELECTOR = YES;
				GCC_WARN_UNINITIALIZED_AUTOS = YES_AGGRESSIVE;
				GCC_WARN_UNUSED_FUNCTION = YES;
				GCC_WARN_UNUSED_VARIABLE = YES;
				MACOSX_DEPLOYMENT_TARGET = 10.12;
				MTL_ENABLE_DEBUG_INFO = NO;
				SDKROOT = macosx;
			};
			name = Release;
		};
		B7E0FECB1E7A7D0D00EBC2B7 /* Debug */ = {
			isa = XCBuildConfiguration;
			buildSettings = {
				PRODUCT_NAME = "$(TARGET_NAME)";
				SWIFT_VERSION = 3.0;
			};
			name = Debug;
		};
		B7E0FECC1E7A7D0D00EBC2B7 /* Release */ = {
			isa = XCBuildConfiguration;
			buildSettings = {
				PRODUCT_NAME = "$(TARGET_NAME)";
				SWIFT_VERSION = 3.0;
			};
			name = Release;
		};
/* End XCBuildConfiguration section */

/* Begin XCConfigurationList section */
		B7E0FEBE1E7A7D0D00EBC2B7 /* Build configuration list for PBXProject "0316_p2-2" */ = {
			isa = XCConfigurationList;
			buildConfigurations = (
				B7E0FEC81E7A7D0D00EBC2B7 /* Debug */,
				B7E0FEC91E7A7D0D00EBC2B7 /* Release */,
			);
			defaultConfigurationIsVisible = 0;
			defaultConfigurationName = Release;
		};
		B7E0FECA1E7A7D0D00EBC2B7 /* Build configuration list for PBXNativeTarget "0316_p2-2" */ = {
			isa = XCConfigurationList;
			buildConfigurations = (
				B7E0FECB1E7A7D0D00EBC2B7 /* Debug */,
				B7E0FECC1E7A7D0D00EBC2B7 /* Release */,
			);
			defaultConfigurationIsVisible = 0;
		};
/* End XCConfigurationList section */
	};
	rootObject = B7E0FEBB1E7A7D0D00EBC2B7 /* Project object */;
}
